{
  "name": "ajs-test",
  "version": "1.0.0",
  "lockfileVersion": 3,
  "requires": true,
  "packages": {
    "": {
      "name": "ajs-test",
      "version": "1.0.0",
      "license": "ISC",
      "dependencies": {
        "@dmitrien/ajs": "^1.0.0"
      }
    },
    "node_modules/@dmitrien/ajs": {
      "version": "1.0.0",
      "resolved": "https://npm.pkg.github.com/download/@dmitrien/ajs/1.0.0/9f72625d1ef0a4d5885a43351fe332710b0bfc43",
      "integrity": "sha512-RvXFETzKRo/lFzCgjMG858H4rK8/M/pLcS/9rrJUJStovwxEDaYVxk0AAo8GtQsCNIcU5Lkku2KNmpYvT1/WVw==",
      "license": "ISC"
    }
  }
}
